
Microsoft Visual Studio Solution File, Format Version 12.00
# Visual Studio Version 17
VisualStudioVersion = 17.5.002.0
MinimumVisualStudioVersion = 10.0.40219.1
Project("{2150E333-8FDC-42A3-9474-1A3956D46DE8}") = "csharp-prep", "csharp-prep", "{47AB744D-6D91-4587-A131-97021214DF53}"
EndProject
Project("{9A19103F-16F7-4668-BE54-9A1E7A4F7556}") = "Prep1", "csharp-prep\Prep1\Prep1.csproj", "{9A994EEE-2068-4BE5-817E-31860D5BC933}"
EndProject
Project("{9A19103F-16F7-4668-BE54-9A1E7A4F7556}") = "Prep2", "csharp-prep\Prep2\Prep2.csproj", "{3A03FB75-A820-4132-A57E-FD3354D4DF47}"
EndProject
Project("{9A19103F-16F7-4668-BE54-9A1E7A4F7556}") = "Prep3", "csharp-prep\Prep3\Prep3.csproj", "{BBBBCDEC-18A7-416E-B2F3-F7D8EBD6E877}"
EndProject
Project("{9A19103F-16F7-4668-BE54-9A1E7A4F7556}") = "Prep4", "csharp-prep\Prep4\Prep4.csproj", "{73FE0912-34D7-4BDA-BA7C-B40A86790316}"
EndProject
Project("{9A19103F-16F7-4668-BE54-9A1E7A4F7556}") = "Prep5", "csharp-prep\Prep5\Prep5.csproj", "{8B0DC9C6-06FB-45DF-BF47-362543B69226}"
EndProject
Project("{2150E333-8FDC-42A3-9474-1A3956D46DE8}") = "final", "final", "{15FE98F5-F4CF-4794-90DA-5C9E66F3BB9D}"
EndProject
Project("{9A19103F-16F7-4668-BE54-9A1E7A4F7556}") = "FinalProject", "final\FinalProject\FinalProject.csproj", "{02498053-B03C-4D41-A123-7C5EB4019DAA}"
EndProject
Project("{9A19103F-16F7-4668-BE54-9A1E7A4F7556}") = "Foundation1", "final\Foundation1\Foundation1.csproj", "{E99E7A9C-F734-4A50-9DD6-D521F57B9929}"
EndProject
Project("{9A19103F-16F7-4668-BE54-9A1E7A4F7556}") = "Foundation2", "final\Foundation2\Foundation2.csproj", "{E2B7C0E9-B7FE-4273-A2EA-0D32726A8961}"
EndProject
Project("{9A19103F-16F7-4668-BE54-9A1E7A4F7556}") = "Foundation3", "final\Foundation3\Foundation3.csproj", "{2F72C04E-AFE8-4DD2-9F23-AC52C3201639}"
EndProject
Project("{9A19103F-16F7-4668-BE54-9A1E7A4F7556}") = "Foundation4", "final\Foundation4\Foundation4.csproj", "{F23D3F03-D338-4DF0-BBA7-F40332BD0739}"
EndProject
Project("{2150E333-8FDC-42A3-9474-1A3956D46DE8}") = "prepare", "prepare", "{A9862991-F021-4AE4-8FE5-82C02998A9C2}"
EndProject
Project("{9A19103F-16F7-4668-BE54-9A1E7A4F7556}") = "Learning02", "prepare\Learning02\Learning02.csproj", "{9BC7DAE5-F831-44B4-AA30-6DFCE232DFBC}"
EndProject
Project("{9A19103F-16F7-4668-BE54-9A1E7A4F7556}") = "Learning03", "prepare\Learning03\Learning03.csproj", "{8469F9AA-7939-4396-837E-11CE356179D9}"
EndProject
Project("{9A19103F-16F7-4668-BE54-9A1E7A4F7556}") = "Learning04", "prepare\Learning04\Learning04.csproj", "{17659271-042A-4F0E-9AAF-093BE808FA5C}"
EndProject
Project("{9A19103F-16F7-4668-BE54-9A1E7A4F7556}") = "Learning05", "prepare\Learning05\Learning05.csproj", "{076CD940-100B-45E0-AE39-DAF13C8D928B}"
EndProject
Project("{2150E333-8FDC-42A3-9474-1A3956D46DE8}") = "prove", "prove", "{DF2AB6A8-1883-4273-818B-441E12E7427B}"
EndProject
Project("{9A19103F-16F7-4668-BE54-9A1E7A4F7556}") = "Develop02", "prove\Develop02\Develop02.csproj", "{02EACBD3-BFA5-49D5-A843-EC94AC14B718}"
EndProject
Project("{9A19103F-16F7-4668-BE54-9A1E7A4F7556}") = "Develop03", "prove\Develop03\Develop03.csproj", "{0E6BB790-E6FB-45AF-B9D7-E98478244B8A}"
EndProject
Project("{9A19103F-16F7-4668-BE54-9A1E7A4F7556}") = "Develop04", "prove\Develop04\Develop04.csproj", "{D8988221-F4EA-4D51-99CE-4E5BB39E7270}"
EndProject
Project("{9A19103F-16F7-4668-BE54-9A1E7A4F7556}") = "Develop05", "prove\Develop05\Develop05.csproj", "{B38F0055-4B3D-49B4-AB86-C6D4D3DB1DA3}"
EndProject
Project("{2150E333-8FDC-42A3-9474-1A3956D46DE8}") = "sandbox", "sandbox", "{A46DED4D-7AF4-4080-9731-6D6C23998110}"
EndProject
Project("{9A19103F-16F7-4668-BE54-9A1E7A4F7556}") = "Sandbox", "sandbox\Sandbox\Sandbox.csproj", "{2C54987C-A22A-4790-83EC-16E429E175C9}"
EndProject
Global
	GlobalSection(SolutionConfigurationPlatforms) = preSolution
		Debug|Any CPU = Debug|Any CPU
		Release|Any CPU = Release|Any CPU
	EndGlobalSection
	GlobalSection(ProjectConfigurationPlatforms) = postSolution
		{9A994EEE-2068-4BE5-817E-31860D5BC933}.Debug|Any CPU.ActiveCfg = Debug|Any CPU
		{9A994EEE-2068-4BE5-817E-31860D5BC933}.Debug|Any CPU.Build.0 = Debug|Any CPU
		{9A994EEE-2068-4BE5-817E-31860D5BC933}.Release|Any CPU.ActiveCfg = Release|Any CPU
		{9A994EEE-2068-4BE5-817E-31860D5BC933}.Release|Any CPU.Build.0 = Release|Any CPU
		{3A03FB75-A820-4132-A57E-FD3354D4DF47}.Debug|Any CPU.ActiveCfg = Debug|Any CPU
		{3A03FB75-A820-4132-A57E-FD3354D4DF47}.Debug|Any CPU.Build.0 = Debug|Any CPU
		{3A03FB75-A820-4132-A57E-FD3354D4DF47}.Release|Any CPU.ActiveCfg = Release|Any CPU
		{3A03FB75-A820-4132-A57E-FD3354D4DF47}.Release|Any CPU.Build.0 = Release|Any CPU
		{BBBBCDEC-18A7-416E-B2F3-F7D8EBD6E877}.Debug|Any CPU.ActiveCfg = Debug|Any CPU
		{BBBBCDEC-18A7-416E-B2F3-F7D8EBD6E877}.Debug|Any CPU.Build.0 = Debug|Any CPU
		{BBBBCDEC-18A7-416E-B2F3-F7D8EBD6E877}.Release|Any CPU.ActiveCfg = Release|Any CPU
		{BBBBCDEC-18A7-416E-B2F3-F7D8EBD6E877}.Release|Any CPU.Build.0 = Release|Any CPU
		{73FE0912-34D7-4BDA-BA7C-B40A86790316}.Debug|Any CPU.ActiveCfg = Debug|Any CPU
		{73FE0912-34D7-4BDA-BA7C-B40A86790316}.Debug|Any CPU.Build.0 = Debug|Any CPU
		{73FE0912-34D7-4BDA-BA7C-B40A86790316}.Release|Any CPU.ActiveCfg = Release|Any CPU
		{73FE0912-34D7-4BDA-BA7C-B40A86790316}.Release|Any CPU.Build.0 = Release|Any CPU
		{8B0DC9C6-06FB-45DF-BF47-362543B69226}.Debug|Any CPU.ActiveCfg = Debug|Any CPU
		{8B0DC9C6-06FB-45DF-BF47-362543B69226}.Debug|Any CPU.Build.0 = Debug|Any CPU
		{8B0DC9C6-06FB-45DF-BF47-362543B69226}.Release|Any CPU.ActiveCfg = Release|Any CPU
		{8B0DC9C6-06FB-45DF-BF47-362543B69226}.Release|Any CPU.Build.0 = Release|Any CPU
		{02498053-B03C-4D41-A123-7C5EB4019DAA}.Debug|Any CPU.ActiveCfg = Debug|Any CPU
		{02498053-B03C-4D41-A123-7C5EB4019DAA}.Debug|Any CPU.Build.0 = Debug|Any CPU
		{02498053-B03C-4D41-A123-7C5EB4019DAA}.Release|Any CPU.ActiveCfg = Release|Any CPU
		{02498053-B03C-4D41-A123-7C5EB4019DAA}.Release|Any CPU.Build.0 = Release|Any CPU
		{E99E7A9C-F734-4A50-9DD6-D521F57B9929}.Debug|Any CPU.ActiveCfg = Debug|Any CPU
		{E99E7A9C-F734-4A50-9DD6-D521F57B9929}.Debug|Any CPU.Build.0 = Debug|Any CPU
		{E99E7A9C-F734-4A50-9DD6-D521F57B9929}.Release|Any CPU.ActiveCfg = Release|Any CPU
		{E99E7A9C-F734-4A50-9DD6-D521F57B9929}.Release|Any CPU.Build.0 = Release|Any CPU
		{E2B7C0E9-B7FE-4273-A2EA-0D32726A8961}.Debug|Any CPU.ActiveCfg = Debug|Any CPU
		{E2B7C0E9-B7FE-4273-A2EA-0D32726A8961}.Debug|Any CPU.Build.0 = Debug|Any CPU
		{E2B7C0E9-B7FE-4273-A2EA-0D32726A8961}.Release|Any CPU.ActiveCfg = Release|Any CPU
		{E2B7C0E9-B7FE-4273-A2EA-0D32726A8961}.Release|Any CPU.Build.0 = Release|Any CPU
		{2F72C04E-AFE8-4DD2-9F23-AC52C3201639}.Debug|Any CPU.ActiveCfg = Debug|Any CPU
		{2F72C04E-AFE8-4DD2-9F23-AC52C3201639}.Debug|Any CPU.Build.0 = Debug|Any CPU
		{2F72C04E-AFE8-4DD2-9F23-AC52C3201639}.Release|Any CPU.ActiveCfg = Release|Any CPU
		{2F72C04E-AFE8-4DD2-9F23-AC52C3201639}.Release|Any CPU.Build.0 = Release|Any CPU
		{F23D3F03-D338-4DF0-BBA7-F40332BD0739}.Debug|Any CPU.ActiveCfg = Debug|Any CPU
		{F23D3F03-D338-4DF0-BBA7-F40332BD0739}.Debug|Any CPU.Build.0 = Debug|Any CPU
		{F23D3F03-D338-4DF0-BBA7-F40332BD0739}.Release|Any CPU.ActiveCfg = Release|Any CPU
		{F23D3F03-D338-4DF0-BBA7-F40332BD0739}.Release|Any CPU.Build.0 = Release|Any CPU
		{9BC7DAE5-F831-44B4-AA30-6DFCE232DFBC}.Debug|Any CPU.ActiveCfg = Debug|Any CPU
		{9BC7DAE5-F831-44B4-AA30-6DFCE232DFBC}.Debug|Any CPU.Build.0 = Debug|Any CPU
		{9BC7DAE5-F831-44B4-AA30-6DFCE232DFBC}.Release|Any CPU.ActiveCfg = Release|Any CPU
		{9BC7DAE5-F831-44B4-AA30-6DFCE232DFBC}.Release|Any CPU.Build.0 = Release|Any CPU
		{8469F9AA-7939-4396-837E-11CE356179D9}.Debug|Any CPU.ActiveCfg = Debug|Any CPU
		{8469F9AA-7939-4396-837E-11CE356179D9}.Debug|Any CPU.Build.0 = Debug|Any CPU
		{8469F9AA-7939-4396-837E-11CE356179D9}.Release|Any CPU.ActiveCfg = Release|Any CPU
		{8469F9AA-7939-4396-837E-11CE356179D9}.Release|Any CPU.Build.0 = Release|Any CPU
		{17659271-042A-4F0E-9AAF-093BE808FA5C}.Debug|Any CPU.ActiveCfg = Debug|Any CPU
		{17659271-042A-4F0E-9AAF-093BE808FA5C}.Debug|Any CPU.Build.0 = Debug|Any CPU
		{17659271-042A-4F0E-9AAF-093BE808FA5C}.Release|Any CPU.ActiveCfg = Release|Any CPU
		{17659271-042A-4F0E-9AAF-093BE808FA5C}.Release|Any CPU.Build.0 = Release|Any CPU
		{076CD940-100B-45E0-AE39-DAF13C8D928B}.Debug|Any CPU.ActiveCfg = Debug|Any CPU
		{076CD940-100B-45E0-AE39-DAF13C8D928B}.Debug|Any CPU.Build.0 = Debug|Any CPU
		{076CD940-100B-45E0-AE39-DAF13C8D928B}.Release|Any CPU.ActiveCfg = Release|Any CPU
		{076CD940-100B-45E0-AE39-DAF13C8D928B}.Release|Any CPU.Build.0 = Release|Any CPU
		{02EACBD3-BFA5-49D5-A843-EC94AC14B718}.Debug|Any CPU.ActiveCfg = Debug|Any CPU
		{02EACBD3-BFA5-49D5-A843-EC94AC14B718}.Debug|Any CPU.Build.0 = Debug|Any CPU
		{02EACBD3-BFA5-49D5-A843-EC94AC14B718}.Release|Any CPU.ActiveCfg = Release|Any CPU
		{02EACBD3-BFA5-49D5-A843-EC94AC14B718}.Release|Any CPU.Build.0 = Release|Any CPU
		{0E6BB790-E6FB-45AF-B9D7-E98478244B8A}.Debug|Any CPU.ActiveCfg = Debug|Any CPU
		{0E6BB790-E6FB-45AF-B9D7-E98478244B8A}.Debug|Any CPU.Build.0 = Debug|Any CPU
		{0E6BB790-E6FB-45AF-B9D7-E98478244B8A}.Release|Any CPU.ActiveCfg = Release|Any CPU
		{0E6BB790-E6FB-45AF-B9D7-E98478244B8A}.Release|Any CPU.Build.0 = Release|Any CPU
		{D8988221-F4EA-4D51-99CE-4E5BB39E7270}.Debug|Any CPU.ActiveCfg = Debug|Any CPU
		{D8988221-F4EA-4D51-99CE-4E5BB39E7270}.Debug|Any CPU.Build.0 = Debug|Any CPU
		{D8988221-F4EA-4D51-99CE-4E5BB39E7270}.Release|Any CPU.ActiveCfg = Release|Any CPU
		{D8988221-F4EA-4D51-99CE-4E5BB39E7270}.Release|Any CPU.Build.0 = Release|Any CPU
		{B38F0055-4B3D-49B4-AB86-C6D4D3DB1DA3}.Debug|Any CPU.ActiveCfg = Debug|Any CPU
		{B38F0055-4B3D-49B4-AB86-C6D4D3DB1DA3}.Debug|Any CPU.Build.0 = Debug|Any CPU
		{B38F0055-4B3D-49B4-AB86-C6D4D3DB1DA3}.Release|Any CPU.ActiveCfg = Release|Any CPU
		{B38F0055-4B3D-49B4-AB86-C6D4D3DB1DA3}.Release|Any CPU.Build.0 = Release|Any CPU
		{2C54987C-A22A-4790-83EC-16E429E175C9}.Debug|Any CPU.ActiveCfg = Debug|Any CPU
		{2C54987C-A22A-4790-83EC-16E429E175C9}.Debug|Any CPU.Build.0 = Debug|Any CPU
		{2C54987C-A22A-4790-83EC-16E429E175C9}.Release|Any CPU.ActiveCfg = Release|Any CPU
		{2C54987C-A22A-4790-83EC-16E429E175C9}.Release|Any CPU.Build.0 = Release|Any CPU
	EndGlobalSection
	GlobalSection(SolutionProperties) = preSolution
		HideSolutionNode = FALSE
	EndGlobalSection
	GlobalSection(NestedProjects) = preSolution
		{9A994EEE-2068-4BE5-817E-31860D5BC933} = {47AB744D-6D91-4587-A131-97021214DF53}
		{3A03FB75-A820-4132-A57E-FD3354D4DF47} = {47AB744D-6D91-4587-A131-97021214DF53}
		{BBBBCDEC-18A7-416E-B2F3-F7D8EBD6E877} = {47AB744D-6D91-4587-A131-97021214DF53}
		{73FE0912-34D7-4BDA-BA7C-B40A86790316} = {47AB744D-6D91-4587-A131-97021214DF53}
		{8B0DC9C6-06FB-45DF-BF47-362543B69226} = {47AB744D-6D91-4587-A131-97021214DF53}
		{02498053-B03C-4D41-A123-7C5EB4019DAA} = {15FE98F5-F4CF-4794-90DA-5C9E66F3BB9D}
		{E99E7A9C-F734-4A50-9DD6-D521F57B9929} = {15FE98F5-F4CF-4794-90DA-5C9E66F3BB9D}
		{E2B7C0E9-B7FE-4273-A2EA-0D32726A8961} = {15FE98F5-F4CF-4794-90DA-5C9E66F3BB9D}
		{2F72C04E-AFE8-4DD2-9F23-AC52C3201639} = {15FE98F5-F4CF-4794-90DA-5C9E66F3BB9D}
		{F23D3F03-D338-4DF0-BBA7-F40332BD0739} = {15FE98F5-F4CF-4794-90DA-5C9E66F3BB9D}
		{9BC7DAE5-F831-44B4-AA30-6DFCE232DFBC} = {A9862991-F021-4AE4-8FE5-82C02998A9C2}
		{8469F9AA-7939-4396-837E-11CE356179D9} = {A9862991-F021-4AE4-8FE5-82C02998A9C2}
		{17659271-042A-4F0E-9AAF-093BE808FA5C} = {A9862991-F021-4AE4-8FE5-82C02998A9C2}
		{076CD940-100B-45E0-AE39-DAF13C8D928B} = {A9862991-F021-4AE4-8FE5-82C02998A9C2}
		{02EACBD3-BFA5-49D5-A843-EC94AC14B718} = {DF2AB6A8-1883-4273-818B-441E12E7427B}
		{0E6BB790-E6FB-45AF-B9D7-E98478244B8A} = {DF2AB6A8-1883-4273-818B-441E12E7427B}
		{D8988221-F4EA-4D51-99CE-4E5BB39E7270} = {DF2AB6A8-1883-4273-818B-441E12E7427B}
		{B38F0055-4B3D-49B4-AB86-C6D4D3DB1DA3} = {DF2AB6A8-1883-4273-818B-441E12E7427B}
		{2C54987C-A22A-4790-83EC-16E429E175C9} = {A46DED4D-7AF4-4080-9731-6D6C23998110}
	EndGlobalSection
	GlobalSection(ExtensibilityGlobals) = postSolution
		SolutionGuid = {B1CD82EA-9E69-4593-8439-208D9C338BA7}
	EndGlobalSection
EndGlobal
